
Microsoft Visual Studio Solution File, Format Version 12.00
# Visual Studio Version 16
VisualStudioVersion = 16.0.31005.135
MinimumVisualStudioVersion = 10.0.40219.1
Project("{FAE04EC0-301F-11D3-BF4B-00C04F79EFBC}") = "entity-framework-test2", "entity-framework-test2.csproj", "{0FBBE007-CBA2-43EA-8D15-E2CED3D1566B}"
EndProject
Global
	GlobalSection(SolutionConfigurationPlatforms) = preSolution
		Debug|Any CPU = Debug|Any CPU
		Release|Any CPU = Release|Any CPU
	EndGlobalSection
	GlobalSection(ProjectConfigurationPlatforms) = postSolution
		{0FBBE007-CBA2-43EA-8D15-E2CED3D1566B}.Debug|Any CPU.ActiveCfg = Debug|Any CPU
		{0FBBE007-CBA2-43EA-8D15-E2CED3D1566B}.Debug|Any CPU.Build.0 = Debug|Any CPU
		{0FBBE007-CBA2-43EA-8D15-E2CED3D1566B}.Release|Any CPU.ActiveCfg = Release|Any CPU
		{0FBBE007-CBA2-43EA-8D15-E2CED3D1566B}.Release|Any CPU.Build.0 = Release|Any CPU
	EndGlobalSection
	GlobalSection(SolutionProperties) = preSolution
		HideSolutionNode = FALSE
	EndGlobalSection
	GlobalSection(ExtensibilityGlobals) = postSolution
		SolutionGuid = {77CE78E9-7A06-43E6-9CD8-D24B68CAA2FB}
	EndGlobalSection
EndGlobal
